// !$*UTF8*$!
{
	archiveVersion = 1;
	classes = {
	};
	objectVersion = 46;
	objects = {

/* Begin PBXBuildFile section */
		610872891EB8C59C004B1453 /* AppDelegate.swift in Sources */ = {isa = PBXBuildFile; fileRef = 610872881EB8C59C004B1453 /* AppDelegate.swift */; };
		6108728B1EB8C59C004B1453 /* ViewController.swift in Sources */ = {isa = PBXBuildFile; fileRef = 6108728A1EB8C59C004B1453 /* ViewController.swift */; };
		6108728E1EB8C59C004B1453 /* Main.storyboard in Resources */ = {isa = PBXBuildFile; fileRef = 6108728C1EB8C59C004B1453 /* Main.storyboard */; };
		610872901EB8C59C004B1453 /* Assets.xcassets in Resources */ = {isa = PBXBuildFile; fileRef = 6108728F1EB8C59C004B1453 /* Assets.xcassets */; };
		610872931EB8C59C004B1453 /* LaunchScreen.storyboard in Resources */ = {isa = PBXBuildFile; fileRef = 610872911EB8C59C004B1453 /* LaunchScreen.storyboard */; };
/* End PBXBuildFile section */

/* Begin PBXFileReference section */
		610872851EB8C59C004B1453 /* What's The Weather.app */ = {isa = PBXFileReference; explicitFileType = wrapper.application; includeInIndex = 0; path = "What's The Weather.app"; sourceTree = BUILT_PRODUCTS_DIR; };
		610872881EB8C59C004B1453 /* AppDelegate.swift */ = {isa = PBXFileReference; lastKnownFileType = sourcecode.swift; path = AppDelegate.swift; sourceTree = "<group>"; };
		6108728A1EB8C59C004B1453 /* ViewController.swift */ = {isa = PBXFileReference; lastKnownFileType = sourcecode.swift; path = ViewController.swift; sourceTree = "<group>"; };
		6108728D1EB8C59C004B1453 /* Base */ = {isa = PBXFileReference; lastKnownFileType = file.storyboard; name = Base; path = Base.lproj/Main.storyboard; sourceTree = "<group>"; };
		6108728F1EB8C59C004B1453 /* Assets.xcassets */ = {isa = PBXFileReference; lastKnownFileType = folder.assetcatalog; path = Assets.xcassets; sourceTree = "<group>"; };
		610872921EB8C59C004B1453 /* Base */ = {isa = PBXFileReference; lastKnownFileType = file.storyboard; name = Base; path = Base.lproj/LaunchScreen.storyboard; sourceTree = "<group>"; };
		610872941EB8C59C004B1453 /* Info.plist */ = {isa = PBXFileReference; lastKnownFileType = text.plist.xml; path = Info.plist; sourceTree = "<group>"; };
/* End PBXFileReference section */

/* Begin PBXFrameworksBuildPhase section */
		610872821EB8C59B004B1453 /* Frameworks */ = {
			isa = PBXFrameworksBuildPhase;
			buildActionMask = 2147483647;
			files = (
			);
			runOnlyForDeploymentPostprocessing = 0;
		};
/* End PBXFrameworksBuildPhase section */

/* Begin PBXGroup section */
		6108727C1EB8C59B004B1453 = {
			isa = PBXGroup;
			children = (
				610872871EB8C59C004B1453 /* What's The Weather */,
				610872861EB8C59C004B1453 /* Products */,
			);
			sourceTree = "<group>";
		};
		610872861EB8C59C004B1453 /* Products */ = {
			isa = PBXGroup;
			children = (
				610872851EB8C59C004B1453 /* What's The Weather.app */,
			);
			name = Products;
			sourceTree = "<group>";
		};
		610872871EB8C59C004B1453 /* What's The Weather */ = {
			isa = PBXGroup;
			children = (
				610872881EB8C59C004B1453 /* AppDelegate.swift */,
				6108728A1EB8C59C004B1453 /* ViewController.swift */,
				6108728C1EB8C59C004B1453 /* Main.storyboard */,
				6108728F1EB8C59C004B1453 /* Assets.xcassets */,
				610872911EB8C59C004B1453 /* LaunchScreen.storyboard */,
				610872941EB8C59C004B1453 /* Info.plist */,
			);
			path = "What's The Weather";
			sourceTree = "<group>";
		};
/* End PBXGroup section */

/* Begin PBXNativeTarget section */
		610872841EB8C59B004B1453 /* What's The Weather */ = {
			isa = PBXNativeTarget;
			buildConfigurationList = 610872971EB8C59C004B1453 /* Build configuration list for PBXNativeTarget "What's The Weather" */;
			buildPhases = (
				610872811EB8C59B004B1453 /* Sources */,
				610872821EB8C59B004B1453 /* Frameworks */,
				610872831EB8C59B004B1453 /* Resources */,
			);
			buildRules = (
			);
			dependencies = (
			);
			name = "What's The Weather";
			productName = "What's The Weather";
			productReference = 610872851EB8C59C004B1453 /* What's The Weather.app */;
			productType = "com.apple.product-type.application";
		};
/* End PBXNativeTarget section */

/* Begin PBXProject section */
		6108727D1EB8C59B004B1453 /* Project object */ = {
			isa = PBXProject;
			attributes = {
				LastSwiftUpdateCheck = 0830;
				LastUpgradeCheck = 0830;
				ORGANIZATIONNAME = "Nadeem Ansari";
				TargetAttributes = {
					610872841EB8C59B004B1453 = {
						CreatedOnToolsVersion = 8.3.2;
						DevelopmentTeam = 76TN2M4D4Q;
						ProvisioningStyle = Automatic;
					};
				};
			};
			buildConfigurationList = 610872801EB8C59B004B1453 /* Build configuration list for PBXProject "What's The Weather" */;
			compatibilityVersion = "Xcode 3.2";
			developmentRegion = English;
			hasScannedForEncodings = 0;
			knownRegions = (
				en,
				Base,
			);
			mainGroup = 6108727C1EB8C59B004B1453;
			productRefGroup = 610872861EB8C59C004B1453 /* Products */;
			projectDirPath = "";
			projectRoot = "";
			targets = (
				610872841EB8C59B004B1453 /* What's The Weather */,
			);
		};
/* End PBXProject section */

/* Begin PBXResourcesBuildPhase section */
		610872831EB8C59B004B1453 /* Resources */ = {
			isa = PBXResourcesBuildPhase;
			buildActionMask = 2147483647;
			files = (
				610872931EB8C59C004B1453 /* LaunchScreen.storyboard in Resources */,
				610872901EB8C59C004B1453 /* Assets.xcassets in Resources */,
				6108728E1EB8C59C004B1453 /* Main.storyboard in Resources */,
			);
			runOnlyForDeploymentPostprocessing = 0;
		};
/* End PBXResourcesBuildPhase section */

/* Begin PBXSourcesBuildPhase section */
		610872811EB8C59B004B1453 /* Sources */ = {
			isa = PBXSourcesBuildPhase;
			buildActionMask = 2147483647;
			files = (
				6108728B1EB8C59C004B1453 /* ViewController.swift in Sources */,
				610872891EB8C59C004B1453 /* AppDelegate.swift in Sources */,
			);
			runOnlyForDeploymentPostprocessing = 0;
		};
/* End PBXSourcesBuildPhase section */

/* Begin PBXVariantGroup section */
		6108728C1EB8C59C004B1453 /* Main.storyboard */ = {
			isa = PBXVariantGroup;
			children = (
				6108728D1EB8C59C004B1453 /* Base */,
			);
			name = Main.storyboard;
			sourceTree = "<group>";
		};
		610872911EB8C59C004B1453 /* LaunchScreen.storyboard */ = {
			isa = PBXVariantGroup;
			children = (
				610872921EB8C59C004B1453 /* Base */,
			);
			name = LaunchScreen.storyboard;
			sourceTree = "<group>";
		};
/* End PBXVariantGroup section */

/* Begin XCBuildConfiguration section */
		610872951EB8C59C004B1453 /* Debug */ = {
			isa = XCBuildConfiguration;
			buildSettings = {
				ALWAYS_SEARCH_USER_PATHS = NO;
				CLANG_ANALYZER_NONNULL = YES;
				CLANG_ANALYZER_NUMBER_OBJECT_CONVERSION = YES_AGGRESSIVE;
				CLANG_CXX_LANGUAGE_STANDARD = "gnu++0x";
				CLANG_CXX_LIBRARY = "libc++";
				CLANG_ENABLE_MODULES = YES;
				CLANG_ENABLE_OBJC_ARC = YES;
				CLANG_WARN_BOOL_CONVERSION = YES;
				CLANG_WARN_CONSTANT_CONVERSION = YES;
				CLANG_WARN_DIRECT_OBJC_ISA_USAGE = YES_ERROR;
				CLANG_WARN_DOCUMENTATION_COMMENTS = YES;
				CLANG_WARN_EMPTY_BODY = YES;
				CLANG_WARN_ENUM_CONVERSION = YES;
				CLANG_WARN_INFINITE_RECURSION = YES;
				CLANG_WARN_INT_CONVERSION = YES;
				CLANG_WARN_OBJC_ROOT_CLASS = YES_ERROR;
				CLANG_WARN_SUSPICIOUS_MOVE = YES;
				CLANG_WARN_UNREACHABLE_CODE = YES;
				CLANG_WARN__DUPLICATE_METHOD_MATCH = YES;
				"CODE_SIGN_IDENTITY[sdk=iphoneos*]" = "iPhone Developer";
				COPY_PHASE_STRIP = NO;
				DEBUG_INFORMATION_FORMAT = dwarf;
				ENABLE_STRICT_OBJC_MSGSEND = YES;
				ENABLE_TESTABILITY = YES;
				GCC_C_LANGUAGE_STANDARD = gnu99;
				GCC_DYNAMIC_NO_PIC = NO;
				GCC_NO_COMMON_BLOCKS = YES;
				GCC_OPTIMIZATION_LEVEL = 0;
				GCC_PREPROCESSOR_DEFINITIONS = (
					"DEBUG=1",
					"$(inherited)",
				);
				GCC_WARN_64_TO_32_BIT_CONVERSION = YES;
				GCC_WARN_ABOUT_RETURN_TYPE = YES_ERROR;
				GCC_WARN_UNDECLARED_SELECTOR = YES;
				GCC_WARN_UNINITIALIZED_AUTOS = YES_AGGRESSIVE;
				GCC_WARN_UNUSED_FUNCTION = YES;
				GCC_WARN_UNUSED_VARIABLE = YES;
				IPHONEOS_DEPLOYMENT_TARGET = 10.3;
				MTL_ENABLE_DEBUG_INFO = YES;
				ONLY_ACTIVE_ARCH = YES;
				SDKROOT = iphoneos;
				SWIFT_ACTIVE_COMPILATION_CONDITIONS = DEBUG;
				SWIFT_OPTIMIZATION_LEVEL = "-Onone";
				TARGETED_DEVICE_FAMILY = "1,2";
			};
			name = Debug;
		};
		610872961EB8C59C004B1453 /* Release */ = {
			isa = XCBuildConfiguration;
			buildSettings = {
				ALWAYS_SEARCH_USER_PATHS = NO;
				CLANG_ANALYZER_NONNULL = YES;
				CLANG_ANALYZER_NUMBER_OBJECT_CONVERSION = YES_AGGRESSIVE;
				CLANG_CXX_LANGUAGE_STANDARD = "gnu++0x";
				CLANG_CXX_LIBRARY = "libc++";
				CLANG_ENABLE_MODULES = YES;
				CLANG_ENABLE_OBJC_ARC = YES;
				CLANG_WARN_BOOL_CONVERSION = YES;
				CLANG_WARN_CONSTANT_CONVERSION = YES;
				CLANG_WARN_DIRECT_OBJC_ISA_USAGE = YES_ERROR;
				CLANG_WARN_DOCUMENTATION_COMMENTS = YES;
				CLANG_WARN_EMPTY_BODY = YES;
				CLANG_WARN_ENUM_CONVERSION = YES;
				CLANG_WARN_INFINITE_RECURSION = YES;
				CLANG_WARN_INT_CONVERSION = YES;
				CLANG_WARN_OBJC_ROOT_CLASS = YES_ERROR;
				CLANG_WARN_SUSPICIOUS_MOVE = YES;
				CLANG_WARN_UNREACHABLE_CODE = YES;
				CLANG_WARN__DUPLICATE_METHOD_MATCH = YES;
				"CODE_SIGN_IDENTITY[sdk=iphoneos*]" = "iPhone Developer";
				COPY_PHASE_STRIP = NO;
				DEBUG_INFORMATION_FORMAT = "dwarf-with-dsym";
				ENABLE_NS_ASSERTIONS = NO;
				ENABLE_STRICT_OBJC_MSGSEND = YES;
				GCC_C_LANGUAGE_STANDARD = gnu99;
				GCC_NO_COMMON_BLOCKS = YES;
				GCC_WARN_64_TO_32_BIT_CONVERSION = YES;
				GCC_WARN_ABOUT_RETURN_TYPE = YES_ERROR;
				GCC_WARN_UNDECLARED_SELECTOR = YES;
				GCC_WARN_UNINITIALIZED_AUTOS = YES_AGGRESSIVE;
				GCC_WARN_UNUSED_FUNCTION = YES;
				GCC_WARN_UNUSED_VARIABLE = YES;
				IPHONEOS_DEPLOYMENT_TARGET = 10.3;
				MTL_ENABLE_DEBUG_INFO = NO;
				SDKROOT = iphoneos;
				SWIFT_OPTIMIZATION_LEVEL = "-Owholemodule";
				TARGETED_DEVICE_FAMILY = "1,2";
				VALIDATE_PRODUCT = YES;
			};
			name = Release;
		};
		610872981EB8C59C004B1453 /* Debug */ = {
			isa = XCBuildConfiguration;
			buildSettings = {
				ASSETCATALOG_COMPILER_APPICON_NAME = AppIcon;
				DEVELOPMENT_TEAM = 76TN2M4D4Q;
				INFOPLIST_FILE = "What's The Weather/Info.plist";
				LD_RUNPATH_SEARCH_PATHS = "$(inherited) @executable_path/Frameworks";
				PRODUCT_BUNDLE_IDENTIFIER = "nadeemansari.What-s-The-Weather";
				PRODUCT_NAME = "$(TARGET_NAME)";
				SWIFT_VERSION = 3.0;
			};
			name = Debug;
		};
		610872991EB8C59C004B1453 /* Release */ = {
			isa = XCBuildConfiguration;
			buildSettings = {
				ASSETCATALOG_COMPILER_APPICON_NAME = AppIcon;
				DEVELOPMENT_TEAM = 76TN2M4D4Q;
				INFOPLIST_FILE = "What's The Weather/Info.plist";
				LD_RUNPATH_SEARCH_PATHS = "$(inherited) @executable_path/Frameworks";
				PRODUCT_BUNDLE_IDENTIFIER = "nadeemansari.What-s-The-Weather";
				PRODUCT_NAME = "$(TARGET_NAME)";
				SWIFT_VERSION = 3.0;
			};
			name = Release;
		};
/* End XCBuildConfiguration section */

/* Begin XCConfigurationList section */
		610872801EB8C59B004B1453 /* Build configuration list for PBXProject "What's The Weather" */ = {
			isa = XCConfigurationList;
			buildConfigurations = (
				610872951EB8C59C004B1453 /* Debug */,
				610872961EB8C59C004B1453 /* Release */,
			);
			defaultConfigurationIsVisible = 0;
			defaultConfigurationName = Release;
		};
		610872971EB8C59C004B1453 /* Build configuration list for PBXNativeTarget "What's The Weather" */ = {
			isa = XCConfigurationList;
			buildConfigurations = (
				610872981EB8C59C004B1453 /* Debug */,
				610872991EB8C59C004B1453 /* Release */,
			);
			defaultConfigurationIsVisible = 0;
		};
/* End XCConfigurationList section */
	};
	rootObject = 6108727D1EB8C59B004B1453 /* Project object */;
}
